
Microsoft Visual Studio Solution File, Format Version 12.00
# Visual Studio Version 17
VisualStudioVersion = 17.4.33213.308
MinimumVisualStudioVersion = 10.0.40219.1
Project("{FAE04EC0-301F-11D3-BF4B-00C04F79EFBC}") = "WebAppExportExcel", "WebAppExportExcel\WebAppExportExcel.csproj", "{145860C8-D8A4-45C3-8247-70911FED41FF}"
EndProject
Global
	GlobalSection(SolutionConfigurationPlatforms) = preSolution
		Debug|Any CPU = Debug|Any CPU
		Release|Any CPU = Release|Any CPU
	EndGlobalSection
	GlobalSection(ProjectConfigurationPlatforms) = postSolution
		{145860C8-D8A4-45C3-8247-70911FED41FF}.Debug|Any CPU.ActiveCfg = Debug|Any CPU
		{145860C8-D8A4-45C3-8247-70911FED41FF}.Debug|Any CPU.Build.0 = Debug|Any CPU
		{145860C8-D8A4-45C3-8247-70911FED41FF}.Release|Any CPU.ActiveCfg = Release|Any CPU
		{145860C8-D8A4-45C3-8247-70911FED41FF}.Release|Any CPU.Build.0 = Release|Any CPU
	EndGlobalSection
	GlobalSection(SolutionProperties) = preSolution
		HideSolutionNode = FALSE
	EndGlobalSection
	GlobalSection(ExtensibilityGlobals) = postSolution
		SolutionGuid = {11F5DC35-A95E-431D-B935-BB2E64208D8E}
	EndGlobalSection
EndGlobal
